{
  "name": "test-cci",
  "version": "1.0.0",
  "lockfileVersion": 1,
  "requires": true,
  "dependencies": {
    "async-af": {
      "version": "7.0.1",
      "resolved": "https://registry.npmjs.org/async-af/-/async-af-7.0.1.tgz",
      "integrity": "sha512-WKazOFRIkrk4/QUGLLfHIe3gQ7b/g3O6ZJWHZgLG4AZvQGTTjzyd4rOZ6upbBvXFad6Atowk3Lu92Pg2LLoNOQ==",
      "dev": true
    }
  }
}
